PODS:
  - FULogKit-dev (1.0.0):
    - FULogKit-dev/FULogKit (= 1.0.0)
  - FULogKit-dev/FULogKit (1.0.0)

DEPENDENCIES:
  - FULogKit-dev (from `./`)

EXTERNAL SOURCES:
  FULogKit-dev:
    :path: "./"

SPEC CHECKSUMS:
  FULogKit-dev: 9b945606a3e4609548dab9cfb6bf0a7604e4ee71

PODFILE CHECKSUM: c9ef87c9988b826fe15a86f87a0f9221a9af5f5d

COCOAPODS: 1.13.0
